// !$*UTF8*$!
{
	archiveVersion = 1;
	classes = {
	};
	objectVersion = 56;
	objects = {

/* Begin PBXBuildFile section */
		24E74FC82F21E82B0057F944 /* AppDelegate.swift in Sources */ = {isa = PBXBuildFile; fileRef = 24E74FBE2F21E82B0057F944 /* AppDelegate.swift */; };
		24E74FC92F21E82B0057F944 /* SceneDelegate.swift in Sources */ = {isa = PBXBuildFile; fileRef = 24E74FC52F21E82B0057F944 /* SceneDelegate.swift */; };
		24E74FCA2F21E82B0057F944 /* ViewController.swift in Sources */ = {isa = PBXBuildFile; fileRef = 24E74FC62F21E82B0057F944 /* ViewController.swift */; };
		24E74FCB2F21E82B0057F944 /* Assets.xcassets in Resources */ = {isa = PBXBuildFile; fileRef = 24E74FBF2F21E82B0057F944 /* Assets.xcassets */; };
		24E74FCD2F21E82B0057F944 /* LaunchScreen.storyboard in Resources */ = {isa = PBXBuildFile; fileRef = 24E74FC22F21E82B0057F944 /* LaunchScreen.storyboard */; };
		24E74FCE2F21E82B0057F944 /* Main.storyboard in Resources */ = {isa = PBXBuildFile; fileRef = 24E74FC42F21E82B0057F944 /* Main.storyboard */; };
		24E74FD12F21E9F20057F944 /* YouTubeKit in Frameworks */ = {isa = PBXBuildFile; productRef = 24E74FD02F21E9F20057F944 /* YouTubeKit */; };
		24E74FD32F21EB4E0057F944 /* YouTubeSearchViewController.swift in Sources */ = {isa = PBXBuildFile; fileRef = 24E74FD22F21EB4E0057F944 /* YouTubeSearchViewController.swift */; };
		24E74FD52F21EB750057F944 /* AudioPlayerViewController.swift in Sources */ = {isa = PBXBuildFile; fileRef = 24E74FD42F21EB750057F944 /* AudioPlayerViewController.swift */; };
		24E74FD72F21FE980057F944 /* AudioFileManager.swift in Sources */ = {isa = PBXBuildFile; fileRef = 24E74FD62F21FE980057F944 /* AudioFileManager.swift */; };
		24E74FD92F21FEA10057F944 /* LocalAudioPlayerViewController.swift in Sources */ = {isa = PBXBuildFile; fileRef = 24E74FD82F21FEA10057F944 /* LocalAudioPlayerViewController.swift */; };
		24E74FDB2F21FEA60057F944 /* MainTabBarController.swift in Sources */ = {isa = PBXBuildFile; fileRef = 24E74FDA2F21FEA60057F944 /* MainTabBarController.swift */; };
		24E74FDD2F21FEAD0057F944 /* OfflinePlaylistViewController.swift in Sources */ = {isa = PBXBuildFile; fileRef = 24E74FDC2F21FEAD0057F944 /* OfflinePlaylistViewController.swift */; };
		24E74FDF2F21FEB40057F944 /* SettingsViewController.swift in Sources */ = {isa = PBXBuildFile; fileRef = 24E74FDE2F21FEB40057F944 /* SettingsViewController.swift */; };
		3E98CD8A958D484BA042F51F /* MediaPlayerManager.swift in Sources */ = {isa = PBXBuildFile; fileRef = 3A092146B6FC47719426BEA3 /* MediaPlayerManager.swift */; };
		C5AE55C8858A2E1E01EFC947 /* Pods_SoundBase.framework in Frameworks */ = {isa = PBXBuildFile; fileRef = E5F23E0F51B6444C003EB555 /* Pods_SoundBase.framework */; };
/* End PBXBuildFile section */

/* Begin PBXFileReference section */
		24E74FA62F21E8240057F944 /* SoundBase.app */ = {isa = PBXFileReference; explicitFileType = wrapper.application; includeInIndex = 0; path = SoundBase.app; sourceTree = BUILT_PRODUCTS_DIR; };
		24E74FBE2F21E82B0057F944 /* AppDelegate.swift */ = {isa = PBXFileReference; lastKnownFileType = sourcecode.swift; path = AppDelegate.swift; sourceTree = "<group>"; };
		24E74FBF2F21E82B0057F944 /* Assets.xcassets */ = {isa = PBXFileReference; lastKnownFileType = folder.assetcatalog; path = Assets.xcassets; sourceTree = "<group>"; };
		24E74FC02F21E82B0057F944 /* Info.plist */ = {isa = PBXFileReference; lastKnownFileType = text.plist.xml; path = Info.plist; sourceTree = "<group>"; };
		24E74FC12F21E82B0057F944 /* Base */ = {isa = PBXFileReference; lastKnownFileType = file.storyboard; name = Base; path = Base.lproj/LaunchScreen.storyboard; sourceTree = "<group>"; };
		24E74FC32F21E82B0057F944 /* Base */ = {isa = PBXFileReference; lastKnownFileType = file.storyboard; name = Base; path = Base.lproj/Main.storyboard; sourceTree = "<group>"; };
		24E74FC52F21E82B0057F944 /* SceneDelegate.swift */ = {isa = PBXFileReference; lastKnownFileType = sourcecode.swift; path = SceneDelegate.swift; sourceTree = "<group>"; };
		24E74FC62F21E82B0057F944 /* ViewController.swift */ = {isa = PBXFileReference; lastKnownFileType = sourcecode.swift; path = ViewController.swift; sourceTree = "<group>"; };
		24E74FD22F21EB4E0057F944 /* YouTubeSearchViewController.swift */ = {isa = PBXFileReference; lastKnownFileType = sourcecode.swift; path = YouTubeSearchViewController.swift; sourceTree = "<group>"; };
		24E74FD42F21EB750057F944 /* AudioPlayerViewController.swift */ = {isa = PBXFileReference; lastKnownFileType = sourcecode.swift; path = AudioPlayerViewController.swift; sourceTree = "<group>"; };
		24E74FD62F21FE980057F944 /* AudioFileManager.swift */ = {isa = PBXFileReference; lastKnownFileType = sourcecode.swift; path = AudioFileManager.swift; sourceTree = "<group>"; };
		24E74FD82F21FEA10057F944 /* LocalAudioPlayerViewController.swift */ = {isa = PBXFileReference; lastKnownFileType = sourcecode.swift; path = LocalAudioPlayerViewController.swift; sourceTree = "<group>"; };
		24E74FDA2F21FEA60057F944 /* MainTabBarController.swift */ = {isa = PBXFileReference; lastKnownFileType = sourcecode.swift; path = MainTabBarController.swift; sourceTree = "<group>"; };
		24E74FDC2F21FEAD0057F944 /* OfflinePlaylistViewController.swift */ = {isa = PBXFileReference; lastKnownFileType = sourcecode.swift; path = OfflinePlaylistViewController.swift; sourceTree = "<group>"; };
		24E74FDE2F21FEB40057F944 /* SettingsViewController.swift */ = {isa = PBXFileReference; lastKnownFileType = sourcecode.swift; path = SettingsViewController.swift; sourceTree = "<group>"; };
		39AC2835E3502EFD57981F68 /* Pods-SoundBase.debug.xcconfig */ = {isa = PBXFileReference; includeInIndex = 1; lastKnownFileType = text.xcconfig; name = "Pods-SoundBase.debug.xcconfig"; path = "Target Support Files/Pods-SoundBase/Pods-SoundBase.debug.xcconfig"; sourceTree = "<group>"; };
		3A092146B6FC47719426BEA3 /* MediaPlayerManager.swift */ = {isa = PBXFileReference; lastKnownFileType = sourcecode.swift; path = MediaPlayerManager.swift; sourceTree = "<group>"; };
		D34462C65A350D09062BC27F /* Pods-SoundBase.release.xcconfig */ = {isa = PBXFileReference; includeInIndex = 1; lastKnownFileType = text.xcconfig; name = "Pods-SoundBase.release.xcconfig"; path = "Target Support Files/Pods-SoundBase/Pods-SoundBase.release.xcconfig"; sourceTree = "<group>"; };
		E5F23E0F51B6444C003EB555 /* Pods_SoundBase.framework */ = {isa = PBXFileReference; explicitFileType = wrapper.framework; includeInIndex = 0; path = Pods_SoundBase.framework; sourceTree = BUILT_PRODUCTS_DIR; };
/* End PBXFileReference section */

/* Begin PBXFrameworksBuildPhase section */
		24E74FA32F21E8240057F944 /* Frameworks */ = {
			isa = PBXFrameworksBuildPhase;
			buildActionMask = 2147483647;
			files = (
				C5AE55C8858A2E1E01EFC947 /* Pods_SoundBase.framework in Frameworks */,
				24E74FD12F21E9F20057F944 /* YouTubeKit in Frameworks */,
			);
			runOnlyForDeploymentPostprocessing = 0;
		};
/* End PBXFrameworksBuildPhase section */

/* Begin PBXGroup section */
		0E646EB4884B34181E39B1F0 /* Pods */ = {
			isa = PBXGroup;
			children = (
				39AC2835E3502EFD57981F68 /* Pods-SoundBase.debug.xcconfig */,
				D34462C65A350D09062BC27F /* Pods-SoundBase.release.xcconfig */,
			);
			path = Pods;
			sourceTree = "<group>";
		};
		24095E242F236C3B00DCD76A /* Pages */ = {
			isa = PBXGroup;
			children = (
				24E74FD22F21EB4E0057F944 /* YouTubeSearchViewController.swift */,
				24E74FD42F21EB750057F944 /* AudioPlayerViewController.swift */,
				24E74FD82F21FEA10057F944 /* LocalAudioPlayerViewController.swift */,
				24E74FDC2F21FEAD0057F944 /* OfflinePlaylistViewController.swift */,
				24E74FDE2F21FEB40057F944 /* SettingsViewController.swift */,
			);
			path = Pages;
			sourceTree = "<group>";
		};
		24095E252F236C5700DCD76A /* Utilities */ = {
			isa = PBXGroup;
			children = (
				3A092146B6FC47719426BEA3 /* MediaPlayerManager.swift */,
				24E74FD62F21FE980057F944 /* AudioFileManager.swift */,
			);
			path = Utilities;
			sourceTree = "<group>";
		};
		24E74F9D2F21E8240057F944 = {
			isa = PBXGroup;
			children = (
				24E74FC72F21E82B0057F944 /* SoundBase */,
				24E74FA72F21E8240057F944 /* Products */,
				0E646EB4884B34181E39B1F0 /* Pods */,
				41C5B713858F17B244A2B0D7 /* Frameworks */,
			);
			sourceTree = "<group>";
		};
		24E74FA72F21E8240057F944 /* Products */ = {
			isa = PBXGroup;
			children = (
				24E74FA62F21E8240057F944 /* SoundBase.app */,
			);
			name = Products;
			sourceTree = "<group>";
		};
		24E74FC72F21E82B0057F944 /* SoundBase */ = {
			isa = PBXGroup;
			children = (
				24095E252F236C5700DCD76A /* Utilities */,
				24095E242F236C3B00DCD76A /* Pages */,
				24E74FBE2F21E82B0057F944 /* AppDelegate.swift */,
				24E74FC52F21E82B0057F944 /* SceneDelegate.swift */,
				24E74FC62F21E82B0057F944 /* ViewController.swift */,
				24E74FDA2F21FEA60057F944 /* MainTabBarController.swift */,
				24E74FBF2F21E82B0057F944 /* Assets.xcassets */,
				24E74FC02F21E82B0057F944 /* Info.plist */,
				24E74FC22F21E82B0057F944 /* LaunchScreen.storyboard */,
				24E74FC42F21E82B0057F944 /* Main.storyboard */,
			);
			path = SoundBase;
			sourceTree = "<group>";
		};
		41C5B713858F17B244A2B0D7 /* Frameworks */ = {
			isa = PBXGroup;
			children = (
				E5F23E0F51B6444C003EB555 /* Pods_SoundBase.framework */,
			);
			name = Frameworks;
			sourceTree = "<group>";
		};
/* End PBXGroup section */

/* Begin PBXNativeTarget section */
		24E74FA52F21E8240057F944 /* SoundBase */ = {
			isa = PBXNativeTarget;
			buildConfigurationList = 24E74FB92F21E8260057F944 /* Build configuration list for PBXNativeTarget "SoundBase" */;
			buildPhases = (
				8A715F0843D3F2C864E298D1 /* [CP] Check Pods Manifest.lock */,
				24E74FA22F21E8240057F944 /* Sources */,
				24E74FA32F21E8240057F944 /* Frameworks */,
				24E74FA42F21E8240057F944 /* Resources */,
				39D34AA1B1A05762B4A02AD9 /* [CP] Embed Pods Frameworks */,
			);
			buildRules = (
			);
			dependencies = (
			);
			name = SoundBase;
			productName = SoundBase;
			productReference = 24E74FA62F21E8240057F944 /* SoundBase.app */;
			productType = "com.apple.product-type.application";
		};
/* End PBXNativeTarget section */

/* Begin PBXProject section */
		24E74F9E2F21E8240057F944 /* Project object */ = {
			isa = PBXProject;
			attributes = {
				BuildIndependentTargetsInParallel = 1;
				LastSwiftUpdateCheck = 2620;
				LastUpgradeCheck = 2620;
				TargetAttributes = {
					24E74FA52F21E8240057F944 = {
						CreatedOnToolsVersion = 26.2;
					};
				};
			};
			buildConfigurationList = 24E74FA12F21E8240057F944 /* Build configuration list for PBXProject "SoundBase" */;
			compatibilityVersion = "Xcode 14.0";
			developmentRegion = en;
			hasScannedForEncodings = 0;
			knownRegions = (
				en,
				Base,
			);
			mainGroup = 24E74F9D2F21E8240057F944;
			packageReferences = (
				24E74FCF2F21E9F20057F944 /* XCRemoteSwiftPackageReference "YouTubeKit" */,
			);
			productRefGroup = 24E74FA72F21E8240057F944 /* Products */;
			projectDirPath = "";
			projectRoot = "";
			targets = (
				24E74FA52F21E8240057F944 /* SoundBase */,
			);
		};
/* End PBXProject section */

/* Begin PBXResourcesBuildPhase section */
		24E74FA42F21E8240057F944 /* Resources */ = {
			isa = PBXResourcesBuildPhase;
			buildActionMask = 2147483647;
			files = (
				24E74FCB2F21E82B0057F944 /* Assets.xcassets in Resources */,
				24E74FCD2F21E82B0057F944 /* LaunchScreen.storyboard in Resources */,
				24E74FCE2F21E82B0057F944 /* Main.storyboard in Resources */,
			);
			runOnlyForDeploymentPostprocessing = 0;
		};
/* End PBXResourcesBuildPhase section */

/* Begin PBXShellScriptBuildPhase section */
		39D34AA1B1A05762B4A02AD9 /* [CP] Embed Pods Frameworks */ = {
			isa = PBXShellScriptBuildPhase;
			buildActionMask = 2147483647;
			files = (
			);
			inputFileListPaths = (
				"${PODS_ROOT}/Target Support Files/Pods-SoundBase/Pods-SoundBase-frameworks-${CONFIGURATION}-input-files.xcfilelist",
			);
			inputPaths = (
			);
			name = "[CP] Embed Pods Frameworks";
			outputFileListPaths = (
				"${PODS_ROOT}/Target Support Files/Pods-SoundBase/Pods-SoundBase-frameworks-${CONFIGURATION}-output-files.xcfilelist",
			);
			outputPaths = (
			);
			runOnlyForDeploymentPostprocessing = 0;
			shellPath = /bin/sh;
			shellScript = "\"${PODS_ROOT}/Target Support Files/Pods-SoundBase/Pods-SoundBase-frameworks.sh\"\n";
			showEnvVarsInLog = 0;
		};
		8A715F0843D3F2C864E298D1 /* [CP] Check Pods Manifest.lock */ = {
			isa = PBXShellScriptBuildPhase;
			buildActionMask = 2147483647;
			files = (
			);
			inputFileListPaths = (
			);
			inputPaths = (
				"${PODS_PODFILE_DIR_PATH}/Podfile.lock",
				"${PODS_ROOT}/Manifest.lock",
			);
			name = "[CP] Check Pods Manifest.lock";
			outputFileListPaths = (
			);
			outputPaths = (
				"$(DERIVED_FILE_DIR)/Pods-SoundBase-checkManifestLockResult.txt",
			);
			runOnlyForDeploymentPostprocessing = 0;
			shellPath = /bin/sh;
			shellScript = "diff \"${PODS_PODFILE_DIR_PATH}/Podfile.lock\" \"${PODS_ROOT}/Manifest.lock\" > /dev/null\nif [ $? != 0 ] ; then\n    # print error to STDERR\n    echo \"error: The sandbox is not in sync with the Podfile.lock. Run 'pod install' or update your CocoaPods installation.\" >&2\n    exit 1\nfi\n# This output is used by Xcode 'outputs' to avoid re-running this script phase.\necho \"SUCCESS\" > \"${SCRIPT_OUTPUT_FILE_0}\"\n";
			showEnvVarsInLog = 0;
		};
/* End PBXShellScriptBuildPhase section */

/* Begin PBXSourcesBuildPhase section */
		24E74FA22F21E8240057F944 /* Sources */ = {
			isa = PBXSourcesBuildPhase;
			buildActionMask = 2147483647;
			files = (
				24E74FD92F21FEA10057F944 /* LocalAudioPlayerViewController.swift in Sources */,
				3E98CD8A958D484BA042F51F /* MediaPlayerManager.swift in Sources */,
				24E74FC82F21E82B0057F944 /* AppDelegate.swift in Sources */,
				24E74FDB2F21FEA60057F944 /* MainTabBarController.swift in Sources */,
				24E74FDF2F21FEB40057F944 /* SettingsViewController.swift in Sources */,
				24E74FC92F21E82B0057F944 /* SceneDelegate.swift in Sources */,
				24E74FD52F21EB750057F944 /* AudioPlayerViewController.swift in Sources */,
				24E74FD32F21EB4E0057F944 /* YouTubeSearchViewController.swift in Sources */,
				24E74FD72F21FE980057F944 /* AudioFileManager.swift in Sources */,
				24E74FCA2F21E82B0057F944 /* ViewController.swift in Sources */,
				24E74FDD2F21FEAD0057F944 /* OfflinePlaylistViewController.swift in Sources */,
			);
			runOnlyForDeploymentPostprocessing = 0;
		};
/* End PBXSourcesBuildPhase section */

/* Begin PBXVariantGroup section */
		24E74FC22F21E82B0057F944 /* LaunchScreen.storyboard */ = {
			isa = PBXVariantGroup;
			children = (
				24E74FC12F21E82B0057F944 /* Base */,
			);
			name = LaunchScreen.storyboard;
			sourceTree = "<group>";
		};
		24E74FC42F21E82B0057F944 /* Main.storyboard */ = {
			isa = PBXVariantGroup;
			children = (
				24E74FC32F21E82B0057F944 /* Base */,
			);
			name = Main.storyboard;
			sourceTree = "<group>";
		};
/* End PBXVariantGroup section */

/* Begin XCBuildConfiguration section */
		24E74FBA2F21E8260057F944 /* Debug */ = {
			isa = XCBuildConfiguration;
			baseConfigurationReference = 39AC2835E3502EFD57981F68 /* Pods-SoundBase.debug.xcconfig */;
			buildSettings = {
				ASSETCATALOG_COMPILER_APPICON_NAME = AppIcon;
				ASSETCATALOG_COMPILER_GLOBAL_ACCENT_COLOR_NAME = AccentColor;
				CODE_SIGN_STYLE = Automatic;
				CURRENT_PROJECT_VERSION = 1;
				DEVELOPMENT_TEAM = YK6G2Z3K97;
				ENABLE_USER_SCRIPT_SANDBOXING = NO;
				GENERATE_INFOPLIST_FILE = YES;
				INFOPLIST_FILE = SoundBase/Info.plist;
				INFOPLIST_KEY_UIApplicationSupportsIndirectInputEvents = YES;
				INFOPLIST_KEY_UILaunchStoryboardName = LaunchScreen;
				INFOPLIST_KEY_UIMainStoryboardFile = Main;
				INFOPLIST_KEY_UISupportedInterfaceOrientations_iPad = "UIInterfaceOrientationPortrait UIInterfaceOrientationPortraitUpsideDown UIInterfaceOrientationLandscapeLeft UIInterfaceOrientationLandscapeRight";
				INFOPLIST_KEY_UISupportedInterfaceOrientations_iPhone = "UIInterfaceOrientationPortrait UIInterfaceOrientationLandscapeLeft UIInterfaceOrientationLandscapeRight";
				LD_RUNPATH_SEARCH_PATHS = (
					"$(inherited)",
					"@executable_path/Frameworks",
				);
				MARKETING_VERSION = 1.0;
				PRODUCT_BUNDLE_IDENTIFIER = com.mext.SoundBase;
				PRODUCT_NAME = "$(TARGET_NAME)";
				STRING_CATALOG_GENERATE_SYMBOLS = YES;
				SWIFT_APPROACHABLE_CONCURRENCY = YES;
				SWIFT_DEFAULT_ACTOR_ISOLATION = MainActor;
				SWIFT_EMIT_LOC_STRINGS = YES;
				SWIFT_UPCOMING_FEATURE_MEMBER_IMPORT_VISIBILITY = YES;
				SWIFT_VERSION = 5.0;
				TARGETED_DEVICE_FAMILY = "1,2";
			};
			name = Debug;
		};
		24E74FBB2F21E8260057F944 /* Release */ = {
			isa = XCBuildConfiguration;
			baseConfigurationReference = D34462C65A350D09062BC27F /* Pods-SoundBase.release.xcconfig */;
			buildSettings = {
				ASSETCATALOG_COMPILER_APPICON_NAME = AppIcon;
				ASSETCATALOG_COMPILER_GLOBAL_ACCENT_COLOR_NAME = AccentColor;
				CODE_SIGN_STYLE = Automatic;
				CURRENT_PROJECT_VERSION = 1;
				DEVELOPMENT_TEAM = YK6G2Z3K97;
				ENABLE_USER_SCRIPT_SANDBOXING = NO;
				GENERATE_INFOPLIST_FILE = YES;
				INFOPLIST_FILE = SoundBase/Info.plist;
				INFOPLIST_KEY_UIApplicationSupportsIndirectInputEvents = YES;
				INFOPLIST_KEY_UILaunchStoryboardName = LaunchScreen;
				INFOPLIST_KEY_UIMainStoryboardFile = Main;
				INFOPLIST_KEY_UISupportedInterfaceOrientations_iPad = "UIInterfaceOrientationPortrait UIInterfaceOrientationPortraitUpsideDown UIInterfaceOrientationLandscapeLeft UIInterfaceOrientationLandscapeRight";
				INFOPLIST_KEY_UISupportedInterfaceOrientations_iPhone = "UIInterfaceOrientationPortrait UIInterfaceOrientationLandscapeLeft UIInterfaceOrientationLandscapeRight";
				LD_RUNPATH_SEARCH_PATHS = (
					"$(inherited)",
					"@executable_path/Frameworks",
				);
				MARKETING_VERSION = 1.0;
				PRODUCT_BUNDLE_IDENTIFIER = com.mext.SoundBase;
				PRODUCT_NAME = "$(TARGET_NAME)";
				STRING_CATALOG_GENERATE_SYMBOLS = YES;
				SWIFT_APPROACHABLE_CONCURRENCY = YES;
				SWIFT_DEFAULT_ACTOR_ISOLATION = MainActor;
				SWIFT_EMIT_LOC_STRINGS = YES;
				SWIFT_UPCOMING_FEATURE_MEMBER_IMPORT_VISIBILITY = YES;
				SWIFT_VERSION = 5.0;
				TARGETED_DEVICE_FAMILY = "1,2";
			};
			name = Release;
		};
		24E74FBC2F21E8260057F944 /* Debug */ = {
			isa = XCBuildConfiguration;
			buildSettings = {
				ALWAYS_SEARCH_USER_PATHS = NO;
				ASSETCATALOG_COMPILER_GENERATE_SWIFT_ASSET_SYMBOL_EXTENSIONS = YES;
				CLANG_ANALYZER_NONNULL = YES;
				CLANG_ANALYZER_NUMBER_OBJECT_CONVERSION = YES_AGGRESSIVE;
				CLANG_CXX_LANGUAGE_STANDARD = "gnu++20";
				CLANG_ENABLE_MODULES = YES;
				CLANG_ENABLE_OBJC_ARC = YES;
				CLANG_ENABLE_OBJC_WEAK = YES;
				CLANG_WARN_BLOCK_CAPTURE_AUTORELEASING = YES;
				CLANG_WARN_BOOL_CONVERSION = YES;
				CLANG_WARN_COMMA = YES;
				CLANG_WARN_CONSTANT_CONVERSION = YES;
				CLANG_WARN_DEPRECATED_OBJC_IMPLEMENTATIONS = YES;
				CLANG_WARN_DIRECT_OBJC_ISA_USAGE = YES_ERROR;
				CLANG_WARN_DOCUMENTATION_COMMENTS = YES;
				CLANG_WARN_EMPTY_BODY = YES;
				CLANG_WARN_ENUM_CONVERSION = YES;
				CLANG_WARN_INFINITE_RECURSION = YES;
				CLANG_WARN_INT_CONVERSION = YES;
				CLANG_WARN_NON_LITERAL_NULL_CONVERSION = YES;
				CLANG_WARN_OBJC_IMPLICIT_RETAIN_SELF = YES;
				CLANG_WARN_OBJC_LITERAL_CONVERSION = YES;
				CLANG_WARN_OBJC_ROOT_CLASS = YES_ERROR;
				CLANG_WARN_QUOTED_INCLUDE_IN_FRAMEWORK_HEADER = YES;
				CLANG_WARN_RANGE_LOOP_ANALYSIS = YES;
				CLANG_WARN_STRICT_PROTOTYPES = YES;
				CLANG_WARN_SUSPICIOUS_MOVE = YES;
				CLANG_WARN_UNGUARDED_AVAILABILITY = YES_AGGRESSIVE;
				CLANG_WARN_UNREACHABLE_CODE = YES;
				CLANG_WARN__DUPLICATE_METHOD_MATCH = YES;
				COPY_PHASE_STRIP = NO;
				DEBUG_INFORMATION_FORMAT = dwarf;
				DEVELOPMENT_TEAM = YK6G2Z3K97;
				ENABLE_STRICT_OBJC_MSGSEND = YES;
				ENABLE_TESTABILITY = YES;
				ENABLE_USER_SCRIPT_SANDBOXING = YES;
				GCC_C_LANGUAGE_STANDARD = gnu17;
				GCC_DYNAMIC_NO_PIC = NO;
				GCC_NO_COMMON_BLOCKS = YES;
				GCC_OPTIMIZATION_LEVEL = 0;
				GCC_PREPROCESSOR_DEFINITIONS = (
					"DEBUG=1",
					"$(inherited)",
				);
				GCC_WARN_64_TO_32_BIT_CONVERSION = YES;
				GCC_WARN_ABOUT_RETURN_TYPE = YES_ERROR;
				GCC_WARN_UNDECLARED_SELECTOR = YES;
				GCC_WARN_UNINITIALIZED_AUTOS = YES_AGGRESSIVE;
				GCC_WARN_UNUSED_FUNCTION = YES;
				GCC_WARN_UNUSED_VARIABLE = YES;
				IPHONEOS_DEPLOYMENT_TARGET = 26.2;
				LOCALIZATION_PREFERS_STRING_CATALOGS = YES;
				MTL_ENABLE_DEBUG_INFO = INCLUDE_SOURCE;
				MTL_FAST_MATH = YES;
				ONLY_ACTIVE_ARCH = YES;
				SDKROOT = iphoneos;
				SWIFT_ACTIVE_COMPILATION_CONDITIONS = "DEBUG $(inherited)";
				SWIFT_OPTIMIZATION_LEVEL = "-Onone";
			};
			name = Debug;
		};
		24E74FBD2F21E8260057F944 /* Release */ = {
			isa = XCBuildConfiguration;
			buildSettings = {
				ALWAYS_SEARCH_USER_PATHS = NO;
				ASSETCATALOG_COMPILER_GENERATE_SWIFT_ASSET_SYMBOL_EXTENSIONS = YES;
				CLANG_ANALYZER_NONNULL = YES;
				CLANG_ANALYZER_NUMBER_OBJECT_CONVERSION = YES_AGGRESSIVE;
				CLANG_CXX_LANGUAGE_STANDARD = "gnu++20";
				CLANG_ENABLE_MODULES = YES;
				CLANG_ENABLE_OBJC_ARC = YES;
				CLANG_ENABLE_OBJC_WEAK = YES;
				CLANG_WARN_BLOCK_CAPTURE_AUTORELEASING = YES;
				CLANG_WARN_BOOL_CONVERSION = YES;
				CLANG_WARN_COMMA = YES;
				CLANG_WARN_CONSTANT_CONVERSION = YES;
				CLANG_WARN_DEPRECATED_OBJC_IMPLEMENTATIONS = YES;
				CLANG_WARN_DIRECT_OBJC_ISA_USAGE = YES_ERROR;
				CLANG_WARN_DOCUMENTATION_COMMENTS = YES;
				CLANG_WARN_EMPTY_BODY = YES;
				CLANG_WARN_ENUM_CONVERSION = YES;
				CLANG_WARN_INFINITE_RECURSION = YES;
				CLANG_WARN_INT_CONVERSION = YES;
				CLANG_WARN_NON_LITERAL_NULL_CONVERSION = YES;
				CLANG_WARN_OBJC_IMPLICIT_RETAIN_SELF = YES;
				CLANG_WARN_OBJC_LITERAL_CONVERSION = YES;
				CLANG_WARN_OBJC_ROOT_CLASS = YES_ERROR;
				CLANG_WARN_QUOTED_INCLUDE_IN_FRAMEWORK_HEADER = YES;
				CLANG_WARN_RANGE_LOOP_ANALYSIS = YES;
				CLANG_WARN_STRICT_PROTOTYPES = YES;
				CLANG_WARN_SUSPICIOUS_MOVE = YES;
				CLANG_WARN_UNGUARDED_AVAILABILITY = YES_AGGRESSIVE;
				CLANG_WARN_UNREACHABLE_CODE = YES;
				CLANG_WARN__DUPLICATE_METHOD_MATCH = YES;
				COPY_PHASE_STRIP = NO;
				DEBUG_INFORMATION_FORMAT = "dwarf-with-dsym";
				DEVELOPMENT_TEAM = YK6G2Z3K97;
				ENABLE_NS_ASSERTIONS = NO;
				ENABLE_STRICT_OBJC_MSGSEND = YES;
				ENABLE_USER_SCRIPT_SANDBOXING = YES;
				GCC_C_LANGUAGE_STANDARD = gnu17;
				GCC_NO_COMMON_BLOCKS = YES;
				GCC_WARN_64_TO_32_BIT_CONVERSION = YES;
				GCC_WARN_ABOUT_RETURN_TYPE = YES_ERROR;
				GCC_WARN_UNDECLARED_SELECTOR = YES;
				GCC_WARN_UNINITIALIZED_AUTOS = YES_AGGRESSIVE;
				GCC_WARN_UNUSED_FUNCTION = YES;
				GCC_WARN_UNUSED_VARIABLE = YES;
				IPHONEOS_DEPLOYMENT_TARGET = 26.2;
				LOCALIZATION_PREFERS_STRING_CATALOGS = YES;
				MTL_ENABLE_DEBUG_INFO = NO;
				MTL_FAST_MATH = YES;
				SDKROOT = iphoneos;
				SWIFT_COMPILATION_MODE = wholemodule;
				VALIDATE_PRODUCT = YES;
			};
			name = Release;
		};
/* End XCBuildConfiguration section */

/* Begin XCConfigurationList section */
		24E74FA12F21E8240057F944 /* Build configuration list for PBXProject "SoundBase" */ = {
			isa = XCConfigurationList;
			buildConfigurations = (
				24E74FBC2F21E8260057F944 /* Debug */,
				24E74FBD2F21E8260057F944 /* Release */,
			);
			defaultConfigurationIsVisible = 0;
			defaultConfigurationName = Release;
		};
		24E74FB92F21E8260057F944 /* Build configuration list for PBXNativeTarget "SoundBase" */ = {
			isa = XCConfigurationList;
			buildConfigurations = (
				24E74FBA2F21E8260057F944 /* Debug */,
				24E74FBB2F21E8260057F944 /* Release */,
			);
			defaultConfigurationIsVisible = 0;
			defaultConfigurationName = Release;
		};
/* End XCConfigurationList section */

/* Begin XCRemoteSwiftPackageReference section */
		24E74FCF2F21E9F20057F944 /* XCRemoteSwiftPackageReference "YouTubeKit" */ = {
			isa = XCRemoteSwiftPackageReference;
			repositoryURL = "https://github.com/alexeichhorn/YouTubeKit";
			requirement = {
				kind = upToNextMajorVersion;
				minimumVersion = 0.4.1;
			};
		};
/* End XCRemoteSwiftPackageReference section */

/* Begin XCSwiftPackageProductDependency section */
		24E74FD02F21E9F20057F944 /* YouTubeKit */ = {
			isa = XCSwiftPackageProductDependency;
			package = 24E74FCF2F21E9F20057F944 /* XCRemoteSwiftPackageReference "YouTubeKit" */;
			productName = YouTubeKit;
		};
/* End XCSwiftPackageProductDependency section */
	};
	rootObject = 24E74F9E2F21E8240057F944 /* Project object */;
}
